// !$*UTF8*$!
{
	archiveVersion = 1;
	classes = {
	};
	objectVersion = 52;
	objects = {

/* Begin PBXBuildFile section */
		3D2E1439267AB3520036AB14 /* ThemesAssets.xcassets in Resources */ = {isa = PBXBuildFile; fileRef = 3D2E1438267AB3520036AB14 /* ThemesAssets.xcassets */; };
		3D2E1447267AB99E0036AB14 /* Theme.swift in Sources */ = {isa = PBXBuildFile; fileRef = 3D2E1446267AB99E0036AB14 /* Theme.swift */; };
		3D2E1449267AB9DB0036AB14 /* Themes.swift in Sources */ = {isa = PBXBuildFile; fileRef = 3D2E1448267AB9DB0036AB14 /* Themes.swift */; };
		3D2E144B267ABA530036AB14 /* ThemeManager.swift in Sources */ = {isa = PBXBuildFile; fileRef = 3D2E144A267ABA530036AB14 /* ThemeManager.swift */; };
		3D2E144D267ABA950036AB14 /* DataSource.swift in Sources */ = {isa = PBXBuildFile; fileRef = 3D2E144C267ABA950036AB14 /* DataSource.swift */; };
		3D5FFDD52678029F0007BCB9 /* ColorThemeMenuApp.swift in Sources */ = {isa = PBXBuildFile; fileRef = 3D5FFDD42678029F0007BCB9 /* ColorThemeMenuApp.swift */; };
		3D5FFDD72678029F0007BCB9 /* ContentView.swift in Sources */ = {isa = PBXBuildFile; fileRef = 3D5FFDD62678029F0007BCB9 /* ContentView.swift */; };
		3D5FFDD9267802A50007BCB9 /* Assets.xcassets in Resources */ = {isa = PBXBuildFile; fileRef = 3D5FFDD8267802A50007BCB9 /* Assets.xcassets */; };
		3D5FFDDC267802A50007BCB9 /* Preview Assets.xcassets in Resources */ = {isa = PBXBuildFile; fileRef = 3D5FFDDB267802A50007BCB9 /* Preview Assets.xcassets */; };
		3D5FFDE5267818D50007BCB9 /* MenuItem.swift in Sources */ = {isa = PBXBuildFile; fileRef = 3D5FFDE4267818D50007BCB9 /* MenuItem.swift */; };
		3D5FFDE726789B3B0007BCB9 /* README.md in Resources */ = {isa = PBXBuildFile; fileRef = 3D5FFDE626789B3B0007BCB9 /* README.md */; };
		3DE958BB267D5E530004947C /* Dracula in Frameworks */ = {isa = PBXBuildFile; productRef = 3DE958BA267D5E530004947C /* Dracula */; };
/* End PBXBuildFile section */

/* Begin PBXFileReference section */
		3D2E1438267AB3520036AB14 /* ThemesAssets.xcassets */ = {isa = PBXFileReference; lastKnownFileType = folder.assetcatalog; path = ThemesAssets.xcassets; sourceTree = "<group>"; };
		3D2E1446267AB99E0036AB14 /* Theme.swift */ = {isa = PBXFileReference; lastKnownFileType = sourcecode.swift; path = Theme.swift; sourceTree = "<group>"; };
		3D2E1448267AB9DB0036AB14 /* Themes.swift */ = {isa = PBXFileReference; lastKnownFileType = sourcecode.swift; path = Themes.swift; sourceTree = "<group>"; };
		3D2E144A267ABA530036AB14 /* ThemeManager.swift */ = {isa = PBXFileReference; lastKnownFileType = sourcecode.swift; path = ThemeManager.swift; sourceTree = "<group>"; };
		3D2E144C267ABA950036AB14 /* DataSource.swift */ = {isa = PBXFileReference; lastKnownFileType = sourcecode.swift; path = DataSource.swift; sourceTree = "<group>"; };
		3D5FFDD12678029F0007BCB9 /* ColorThemeMenu.app */ = {isa = PBXFileReference; explicitFileType = wrapper.application; includeInIndex = 0; path = ColorThemeMenu.app; sourceTree = BUILT_PRODUCTS_DIR; };
		3D5FFDD42678029F0007BCB9 /* ColorThemeMenuApp.swift */ = {isa = PBXFileReference; lastKnownFileType = sourcecode.swift; path = ColorThemeMenuApp.swift; sourceTree = "<group>"; };
		3D5FFDD62678029F0007BCB9 /* ContentView.swift */ = {isa = PBXFileReference; lastKnownFileType = sourcecode.swift; path = ContentView.swift; sourceTree = "<group>"; };
		3D5FFDD8267802A50007BCB9 /* Assets.xcassets */ = {isa = PBXFileReference; lastKnownFileType = folder.assetcatalog; path = Assets.xcassets; sourceTree = "<group>"; };
		3D5FFDDB267802A50007BCB9 /* Preview Assets.xcassets */ = {isa = PBXFileReference; lastKnownFileType = folder.assetcatalog; path = "Preview Assets.xcassets"; sourceTree = "<group>"; };
		3D5FFDDD267802A50007BCB9 /* Info.plist */ = {isa = PBXFileReference; lastKnownFileType = text.plist.xml; path = Info.plist; sourceTree = "<group>"; };
		3D5FFDE4267818D50007BCB9 /* MenuItem.swift */ = {isa = PBXFileReference; lastKnownFileType = sourcecode.swift; path = MenuItem.swift; sourceTree = "<group>"; };
		3D5FFDE626789B3B0007BCB9 /* README.md */ = {isa = PBXFileReference; lastKnownFileType = net.daringfireball.markdown; path = README.md; sourceTree = "<group>"; };
/* End PBXFileReference section */

/* Begin PBXFrameworksBuildPhase section */
		3D5FFDCE2678029F0007BCB9 /* Frameworks */ = {
			isa = PBXFrameworksBuildPhase;
			buildActionMask = 2147483647;
			files = (
				3DE958BB267D5E530004947C /* Dracula in Frameworks */,
			);
			runOnlyForDeploymentPostprocessing = 0;
		};
/* End PBXFrameworksBuildPhase section */

/* Begin PBXGroup section */
		3D2E1437267AB3300036AB14 /* Themes */ = {
			isa = PBXGroup;
			children = (
				3D2E1438267AB3520036AB14 /* ThemesAssets.xcassets */,
				3D2E1446267AB99E0036AB14 /* Theme.swift */,
				3D2E1448267AB9DB0036AB14 /* Themes.swift */,
				3D2E144A267ABA530036AB14 /* ThemeManager.swift */,
				3D2E144C267ABA950036AB14 /* DataSource.swift */,
			);
			path = Themes;
			sourceTree = "<group>";
		};
		3D5FFDC82678029E0007BCB9 = {
			isa = PBXGroup;
			children = (
				3D5FFDE626789B3B0007BCB9 /* README.md */,
				3D5FFDD32678029F0007BCB9 /* ColorThemeMenu */,
				3D5FFDD22678029F0007BCB9 /* Products */,
			);
			sourceTree = "<group>";
		};
		3D5FFDD22678029F0007BCB9 /* Products */ = {
			isa = PBXGroup;
			children = (
				3D5FFDD12678029F0007BCB9 /* ColorThemeMenu.app */,
			);
			name = Products;
			sourceTree = "<group>";
		};
		3D5FFDD32678029F0007BCB9 /* ColorThemeMenu */ = {
			isa = PBXGroup;
			children = (
				3D2E1437267AB3300036AB14 /* Themes */,
				3D5FFDE3267818C80007BCB9 /* Model */,
				3D5FFDD42678029F0007BCB9 /* ColorThemeMenuApp.swift */,
				3D5FFDD62678029F0007BCB9 /* ContentView.swift */,
				3D5FFDD8267802A50007BCB9 /* Assets.xcassets */,
				3D5FFDDD267802A50007BCB9 /* Info.plist */,
				3D5FFDDA267802A50007BCB9 /* Preview Content */,
			);
			path = ColorThemeMenu;
			sourceTree = "<group>";
		};
		3D5FFDDA267802A50007BCB9 /* Preview Content */ = {
			isa = PBXGroup;
			children = (
				3D5FFDDB267802A50007BCB9 /* Preview Assets.xcassets */,
			);
			path = "Preview Content";
			sourceTree = "<group>";
		};
		3D5FFDE3267818C80007BCB9 /* Model */ = {
			isa = PBXGroup;
			children = (
				3D5FFDE4267818D50007BCB9 /* MenuItem.swift */,
			);
			path = Model;
			sourceTree = "<group>";
		};
/* End PBXGroup section */

/* Begin PBXNativeTarget section */
		3D5FFDD02678029F0007BCB9 /* ColorThemeMenu */ = {
			isa = PBXNativeTarget;
			buildConfigurationList = 3D5FFDE0267802A50007BCB9 /* Build configuration list for PBXNativeTarget "ColorThemeMenu" */;
			buildPhases = (
				3D5FFDCD2678029F0007BCB9 /* Sources */,
				3D5FFDCE2678029F0007BCB9 /* Frameworks */,
				3D5FFDCF2678029F0007BCB9 /* Resources */,
			);
			buildRules = (
			);
			dependencies = (
			);
			name = ColorThemeMenu;
			packageProductDependencies = (
				3DE958BA267D5E530004947C /* Dracula */,
			);
			productName = ColorThemeMenu;
			productReference = 3D5FFDD12678029F0007BCB9 /* ColorThemeMenu.app */;
			productType = "com.apple.product-type.application";
		};
/* End PBXNativeTarget section */

/* Begin PBXProject section */
		3D5FFDC92678029E0007BCB9 /* Project object */ = {
			isa = PBXProject;
			attributes = {
				LastSwiftUpdateCheck = 1250;
				LastUpgradeCheck = 1250;
				TargetAttributes = {
					3D5FFDD02678029F0007BCB9 = {
						CreatedOnToolsVersion = 12.5;
					};
				};
			};
			buildConfigurationList = 3D5FFDCC2678029E0007BCB9 /* Build configuration list for PBXProject "ColorThemeMenu" */;
			compatibilityVersion = "Xcode 9.3";
			developmentRegion = en;
			hasScannedForEncodings = 0;
			knownRegions = (
				en,
				Base,
			);
			mainGroup = 3D5FFDC82678029E0007BCB9;
			packageReferences = (
				3DE958B9267D5E530004947C /* XCRemoteSwiftPackageReference "swiftui" */,
			);
			productRefGroup = 3D5FFDD22678029F0007BCB9 /* Products */;
			projectDirPath = "";
			projectRoot = "";
			targets = (
				3D5FFDD02678029F0007BCB9 /* ColorThemeMenu */,
			);
		};
/* End PBXProject section */

/* Begin PBXResourcesBuildPhase section */
		3D5FFDCF2678029F0007BCB9 /* Resources */ = {
			isa = PBXResourcesBuildPhase;
			buildActionMask = 2147483647;
			files = (
				3D5FFDE726789B3B0007BCB9 /* README.md in Resources */,
				3D5FFDDC267802A50007BCB9 /* Preview Assets.xcassets in Resources */,
				3D2E1439267AB3520036AB14 /* ThemesAssets.xcassets in Resources */,
				3D5FFDD9267802A50007BCB9 /* Assets.xcassets in Resources */,
			);
			runOnlyForDeploymentPostprocessing = 0;
		};
/* End PBXResourcesBuildPhase section */

/* Begin PBXSourcesBuildPhase section */
		3D5FFDCD2678029F0007BCB9 /* Sources */ = {
			isa = PBXSourcesBuildPhase;
			buildActionMask = 2147483647;
			files = (
				3D2E144D267ABA950036AB14 /* DataSource.swift in Sources */,
				3D5FFDE5267818D50007BCB9 /* MenuItem.swift in Sources */,
				3D2E1447267AB99E0036AB14 /* Theme.swift in Sources */,
				3D5FFDD72678029F0007BCB9 /* ContentView.swift in Sources */,
				3D2E1449267AB9DB0036AB14 /* Themes.swift in Sources */,
				3D5FFDD52678029F0007BCB9 /* ColorThemeMenuApp.swift in Sources */,
				3D2E144B267ABA530036AB14 /* ThemeManager.swift in Sources */,
			);
			runOnlyForDeploymentPostprocessing = 0;
		};
/* End PBXSourcesBuildPhase section */

/* Begin XCBuildConfiguration section */
		3D5FFDDE267802A50007BCB9 /* Debug */ = {
			isa = XCBuildConfiguration;
			buildSettings = {
				ALWAYS_SEARCH_USER_PATHS = NO;
				CLANG_ANALYZER_NONNULL = YES;
				CLANG_ANALYZER_NUMBER_OBJECT_CONVERSION = YES_AGGRESSIVE;
				CLANG_CXX_LANGUAGE_STANDARD = "gnu++14";
				CLANG_CXX_LIBRARY = "libc++";
				CLANG_ENABLE_MODULES = YES;
				CLANG_ENABLE_OBJC_ARC = YES;
				CLANG_ENABLE_OBJC_WEAK = YES;
				CLANG_WARN_BLOCK_CAPTURE_AUTORELEASING = YES;
				CLANG_WARN_BOOL_CONVERSION = YES;
				CLANG_WARN_COMMA = YES;
				CLANG_WARN_CONSTANT_CONVERSION = YES;
				CLANG_WARN_DEPRECATED_OBJC_IMPLEMENTATIONS = YES;
				CLANG_WARN_DIRECT_OBJC_ISA_USAGE = YES_ERROR;
				CLANG_WARN_DOCUMENTATION_COMMENTS = YES;
				CLANG_WARN_EMPTY_BODY = YES;
				CLANG_WARN_ENUM_CONVERSION = YES;
				CLANG_WARN_INFINITE_RECURSION = YES;
				CLANG_WARN_INT_CONVERSION = YES;
				CLANG_WARN_NON_LITERAL_NULL_CONVERSION = YES;
				CLANG_WARN_OBJC_IMPLICIT_RETAIN_SELF = YES;
				CLANG_WARN_OBJC_LITERAL_CONVERSION = YES;
				CLANG_WARN_OBJC_ROOT_CLASS = YES_ERROR;
				CLANG_WARN_QUOTED_INCLUDE_IN_FRAMEWORK_HEADER = YES;
				CLANG_WARN_RANGE_LOOP_ANALYSIS = YES;
				CLANG_WARN_STRICT_PROTOTYPES = YES;
				CLANG_WARN_SUSPICIOUS_MOVE = YES;
				CLANG_WARN_UNGUARDED_AVAILABILITY = YES_AGGRESSIVE;
				CLANG_WARN_UNREACHABLE_CODE = YES;
				CLANG_WARN__DUPLICATE_METHOD_MATCH = YES;
				COPY_PHASE_STRIP = NO;
				DEBUG_INFORMATION_FORMAT = dwarf;
				ENABLE_STRICT_OBJC_MSGSEND = YES;
				ENABLE_TESTABILITY = YES;
				GCC_C_LANGUAGE_STANDARD = gnu11;
				GCC_DYNAMIC_NO_PIC = NO;
				GCC_NO_COMMON_BLOCKS = YES;
				GCC_OPTIMIZATION_LEVEL = 0;
				GCC_PREPROCESSOR_DEFINITIONS = (
					"DEBUG=1",
					"$(inherited)",
				);
				GCC_WARN_64_TO_32_BIT_CONVERSION = YES;
				GCC_WARN_ABOUT_RETURN_TYPE = YES_ERROR;
				GCC_WARN_UNDECLARED_SELECTOR = YES;
				GCC_WARN_UNINITIALIZED_AUTOS = YES_AGGRESSIVE;
				GCC_WARN_UNUSED_FUNCTION = YES;
				GCC_WARN_UNUSED_VARIABLE = YES;
				IPHONEOS_DEPLOYMENT_TARGET = 14.5;
				MTL_ENABLE_DEBUG_INFO = INCLUDE_SOURCE;
				MTL_FAST_MATH = YES;
				ONLY_ACTIVE_ARCH = YES;
				SDKROOT = iphoneos;
				SWIFT_ACTIVE_COMPILATION_CONDITIONS = DEBUG;
				SWIFT_OPTIMIZATION_LEVEL = "-Onone";
			};
			name = Debug;
		};
		3D5FFDDF267802A50007BCB9 /* Release */ = {
			isa = XCBuildConfiguration;
			buildSettings = {
				ALWAYS_SEARCH_USER_PATHS = NO;
				CLANG_ANALYZER_NONNULL = YES;
				CLANG_ANALYZER_NUMBER_OBJECT_CONVERSION = YES_AGGRESSIVE;
				CLANG_CXX_LANGUAGE_STANDARD = "gnu++14";
				CLANG_CXX_LIBRARY = "libc++";
				CLANG_ENABLE_MODULES = YES;
				CLANG_ENABLE_OBJC_ARC = YES;
				CLANG_ENABLE_OBJC_WEAK = YES;
				CLANG_WARN_BLOCK_CAPTURE_AUTORELEASING = YES;
				CLANG_WARN_BOOL_CONVERSION = YES;
				CLANG_WARN_COMMA = YES;
				CLANG_WARN_CONSTANT_CONVERSION = YES;
				CLANG_WARN_DEPRECATED_OBJC_IMPLEMENTATIONS = YES;
				CLANG_WARN_DIRECT_OBJC_ISA_USAGE = YES_ERROR;
				CLANG_WARN_DOCUMENTATION_COMMENTS = YES;
				CLANG_WARN_EMPTY_BODY = YES;
				CLANG_WARN_ENUM_CONVERSION = YES;
				CLANG_WARN_INFINITE_RECURSION = YES;
				CLANG_WARN_INT_CONVERSION = YES;
				CLANG_WARN_NON_LITERAL_NULL_CONVERSION = YES;
				CLANG_WARN_OBJC_IMPLICIT_RETAIN_SELF = YES;
				CLANG_WARN_OBJC_LITERAL_CONVERSION = YES;
				CLANG_WARN_OBJC_ROOT_CLASS = YES_ERROR;
				CLANG_WARN_QUOTED_INCLUDE_IN_FRAMEWORK_HEADER = YES;
				CLANG_WARN_RANGE_LOOP_ANALYSIS = YES;
				CLANG_WARN_STRICT_PROTOTYPES = YES;
				CLANG_WARN_SUSPICIOUS_MOVE = YES;
				CLANG_WARN_UNGUARDED_AVAILABILITY = YES_AGGRESSIVE;
				CLANG_WARN_UNREACHABLE_CODE = YES;
				CLANG_WARN__DUPLICATE_METHOD_MATCH = YES;
				COPY_PHASE_STRIP = NO;
				DEBUG_INFORMATION_FORMAT = "dwarf-with-dsym";
				ENABLE_NS_ASSERTIONS = NO;
				ENABLE_STRICT_OBJC_MSGSEND = YES;
				GCC_C_LANGUAGE_STANDARD = gnu11;
				GCC_NO_COMMON_BLOCKS = YES;
				GCC_WARN_64_TO_32_BIT_CONVERSION = YES;
				GCC_WARN_ABOUT_RETURN_TYPE = YES_ERROR;
				GCC_WARN_UNDECLARED_SELECTOR = YES;
				GCC_WARN_UNINITIALIZED_AUTOS = YES_AGGRESSIVE;
				GCC_WARN_UNUSED_FUNCTION = YES;
				GCC_WARN_UNUSED_VARIABLE = YES;
				IPHONEOS_DEPLOYMENT_TARGET = 14.5;
				MTL_ENABLE_DEBUG_INFO = NO;
				MTL_FAST_MATH = YES;
				SDKROOT = iphoneos;
				SWIFT_COMPILATION_MODE = wholemodule;
				SWIFT_OPTIMIZATION_LEVEL = "-O";
				VALIDATE_PRODUCT = YES;
			};
			name = Release;
		};
		3D5FFDE1267802A50007BCB9 /* Debug */ = {
			isa = XCBuildConfiguration;
			buildSettings = {
				ASSETCATALOG_COMPILER_APPICON_NAME = AppIcon;
				ASSETCATALOG_COMPILER_GLOBAL_ACCENT_COLOR_NAME = AccentColor;
				CODE_SIGN_STYLE = Automatic;
				DEVELOPMENT_ASSET_PATHS = "\"ColorThemeMenu/Preview Content\"";
				ENABLE_PREVIEWS = YES;
				INFOPLIST_FILE = ColorThemeMenu/Info.plist;
				IPHONEOS_DEPLOYMENT_TARGET = 14.0;
				LD_RUNPATH_SEARCH_PATHS = (
					"$(inherited)",
					"@executable_path/Frameworks",
				);
				PRODUCT_BUNDLE_IDENTIFIER = io.github.rphlfc.ColorThemeMenu;
				PRODUCT_NAME = "$(TARGET_NAME)";
				SWIFT_VERSION = 5.0;
				TARGETED_DEVICE_FAMILY = "1,2";
			};
			name = Debug;
		};
		3D5FFDE2267802A50007BCB9 /* Release */ = {
			isa = XCBuildConfiguration;
			buildSettings = {
				ASSETCATALOG_COMPILER_APPICON_NAME = AppIcon;
				ASSETCATALOG_COMPILER_GLOBAL_ACCENT_COLOR_NAME = AccentColor;
				CODE_SIGN_STYLE = Automatic;
				DEVELOPMENT_ASSET_PATHS = "\"ColorThemeMenu/Preview Content\"";
				ENABLE_PREVIEWS = YES;
				INFOPLIST_FILE = ColorThemeMenu/Info.plist;
				IPHONEOS_DEPLOYMENT_TARGET = 14.0;
				LD_RUNPATH_SEARCH_PATHS = (
					"$(inherited)",
					"@executable_path/Frameworks",
				);
				PRODUCT_BUNDLE_IDENTIFIER = io.github.rphlfc.ColorThemeMenu;
				PRODUCT_NAME = "$(TARGET_NAME)";
				SWIFT_VERSION = 5.0;
				TARGETED_DEVICE_FAMILY = "1,2";
			};
			name = Release;
		};
/* End XCBuildConfiguration section */

/* Begin XCConfigurationList section */
		3D5FFDCC2678029E0007BCB9 /* Build configuration list for PBXProject "ColorThemeMenu" */ = {
			isa = XCConfigurationList;
			buildConfigurations = (
				3D5FFDDE267802A50007BCB9 /* Debug */,
				3D5FFDDF267802A50007BCB9 /* Release */,
			);
			defaultConfigurationIsVisible = 0;
			defaultConfigurationName = Release;
		};
		3D5FFDE0267802A50007BCB9 /* Build configuration list for PBXNativeTarget "ColorThemeMenu" */ = {
			isa = XCConfigurationList;
			buildConfigurations = (
				3D5FFDE1267802A50007BCB9 /* Debug */,
				3D5FFDE2267802A50007BCB9 /* Release */,
			);
			defaultConfigurationIsVisible = 0;
			defaultConfigurationName = Release;
		};
/* End XCConfigurationList section */

/* Begin XCRemoteSwiftPackageReference section */
		3DE958B9267D5E530004947C /* XCRemoteSwiftPackageReference "swiftui" */ = {
			isa = XCRemoteSwiftPackageReference;
			repositoryURL = "https://github.com/dracula/swiftui.git";
			requirement = {
				kind = upToNextMajorVersion;
				minimumVersion = 0.1.0;
			};
		};
/* End XCRemoteSwiftPackageReference section */

/* Begin XCSwiftPackageProductDependency section */
		3DE958BA267D5E530004947C /* Dracula */ = {
			isa = XCSwiftPackageProductDependency;
			package = 3DE958B9267D5E530004947C /* XCRemoteSwiftPackageReference "swiftui" */;
			productName = Dracula;
		};
/* End XCSwiftPackageProductDependency section */
	};
	rootObject = 3D5FFDC92678029E0007BCB9 /* Project object */;
}
